
Microsoft Visual Studio Solution File, Format Version 12.00
# Visual Studio Version 17
VisualStudioVersion = 17.5.33516.290
MinimumVisualStudioVersion = 10.0.40219.1
Project("{9A19103F-16F7-4668-BE54-9A1E7A4F7556}") = "loginControl", "controleDeContatos\loginControl.csproj", "{2F899791-EAA6-4907-AE7D-361E7F5EE044}"
EndProject
Global
	GlobalSection(SolutionConfigurationPlatforms) = preSolution
		Debug|Any CPU = Debug|Any CPU
		Release|Any CPU = Release|Any CPU
	EndGlobalSection
	GlobalSection(ProjectConfigurationPlatforms) = postSolution
		{2F899791-EAA6-4907-AE7D-361E7F5EE044}.Debug|Any CPU.ActiveCfg = Debug|Any CPU
		{2F899791-EAA6-4907-AE7D-361E7F5EE044}.Debug|Any CPU.Build.0 = Debug|Any CPU
		{2F899791-EAA6-4907-AE7D-361E7F5EE044}.Release|Any CPU.ActiveCfg = Release|Any CPU
		{2F899791-EAA6-4907-AE7D-361E7F5EE044}.Release|Any CPU.Build.0 = Release|Any CPU
	EndGlobalSection
	GlobalSection(SolutionProperties) = preSolution
		HideSolutionNode = FALSE
	EndGlobalSection
	GlobalSection(ExtensibilityGlobals) = postSolution
		SolutionGuid = {87ED8F69-DFD8-4A10-A56D-E6D252E71D67}
	EndGlobalSection
EndGlobal
